
Microsoft Visual Studio Solution File, Format Version 12.00
# Visual Studio Version 17
VisualStudioVersion = 17.4.33205.214
MinimumVisualStudioVersion = 10.0.40219.1
Project("{FAE04EC0-301F-11D3-BF4B-00C04F79EFBC}") = "CRUD", "CRUD\CRUD.csproj", "{F00A52CE-4F76-4BA1-8EB6-B331CF309465}"
EndProject
Global
	GlobalSection(SolutionConfigurationPlatforms) = preSolution
		Debug|Any CPU = Debug|Any CPU
		Release|Any CPU = Release|Any CPU
	EndGlobalSection
	GlobalSection(ProjectConfigurationPlatforms) = postSolution
		{F00A52CE-4F76-4BA1-8EB6-B331CF309465}.Debug|Any CPU.ActiveCfg = Debug|Any CPU
		{F00A52CE-4F76-4BA1-8EB6-B331CF309465}.Debug|Any CPU.Build.0 = Debug|Any CPU
		{F00A52CE-4F76-4BA1-8EB6-B331CF309465}.Release|Any CPU.ActiveCfg = Release|Any CPU
		{F00A52CE-4F76-4BA1-8EB6-B331CF309465}.Release|Any CPU.Build.0 = Release|Any CPU
	EndGlobalSection
	GlobalSection(SolutionProperties) = preSolution
		HideSolutionNode = FALSE
	EndGlobalSection
	GlobalSection(ExtensibilityGlobals) = postSolution
		SolutionGuid = {C5309448-7C3B-45C9-AC98-F1DECB44B894}
	EndGlobalSection
EndGlobal
